
Microsoft Visual Studio Solution File, Format Version 12.00
# Visual Studio Version 17
VisualStudioVersion = 17.3.32922.545
MinimumVisualStudioVersion = 10.0.40219.1
Project("{FAE04EC0-301F-11D3-BF4B-00C04F79EFBC}") = "MovingObjectDetection", "MovingObjectDetection\MovingObjectDetection.csproj", "{4868C4A6-D262-4F97-8CAF-90476751F31F}"
EndProject
Global
	GlobalSection(SolutionConfigurationPlatforms) = preSolution
		Debug|x64 = Debug|x64
		Release|x64 = Release|x64
	EndGlobalSection
	GlobalSection(ProjectConfigurationPlatforms) = postSolution
		{4868C4A6-D262-4F97-8CAF-90476751F31F}.Debug|x64.ActiveCfg = Debug|x64
		{4868C4A6-D262-4F97-8CAF-90476751F31F}.Debug|x64.Build.0 = Debug|x64
		{4868C4A6-D262-4F97-8CAF-90476751F31F}.Release|x64.ActiveCfg = Release|x64
		{4868C4A6-D262-4F97-8CAF-90476751F31F}.Release|x64.Build.0 = Release|x64
	EndGlobalSection
	GlobalSection(SolutionProperties) = preSolution
		HideSolutionNode = FALSE
	EndGlobalSection
	GlobalSection(ExtensibilityGlobals) = postSolution
		SolutionGuid = {E0CF685E-5022-42B1-88D9-B411B81C4DCF}
	EndGlobalSection
EndGlobal
